
Microsoft Visual Studio Solution File, Format Version 12.00
# Visual Studio Version 17
VisualStudioVersion = 17.9.34728.123
MinimumVisualStudioVersion = 10.0.40219.1
Project("{FAE04EC0-301F-11D3-BF4B-00C04F79EFBC}") = "practica2Certi1", "practica2Certi1\practica2Certi1.csproj", "{55263B62-6FB0-400B-B072-B5C75FF60745}"
EndProject
Global
	GlobalSection(SolutionConfigurationPlatforms) = preSolution
		Debug|Any CPU = Debug|Any CPU
		Release|Any CPU = Release|Any CPU
	EndGlobalSection
	GlobalSection(ProjectConfigurationPlatforms) = postSolution
		{55263B62-6FB0-400B-B072-B5C75FF60745}.Debug|Any CPU.ActiveCfg = Debug|Any CPU
		{55263B62-6FB0-400B-B072-B5C75FF60745}.Debug|Any CPU.Build.0 = Debug|Any CPU
		{55263B62-6FB0-400B-B072-B5C75FF60745}.Release|Any CPU.ActiveCfg = Release|Any CPU
		{55263B62-6FB0-400B-B072-B5C75FF60745}.Release|Any CPU.Build.0 = Release|Any CPU
	EndGlobalSection
	GlobalSection(SolutionProperties) = preSolution
		HideSolutionNode = FALSE
	EndGlobalSection
	GlobalSection(ExtensibilityGlobals) = postSolution
		SolutionGuid = {0D19EE4C-0D97-49BE-B01D-7C186FF1898E}
	EndGlobalSection
EndGlobal
